// !$*UTF8*$!
{
	archiveVersion = 1;
	classes = {
	};
	objectVersion = 50;
	objects = {

/* Begin PBXBuildFile section */
		2544599C23D68C0C00386788 /* AppDelegate.swift in Sources */ = {isa = PBXBuildFile; fileRef = 2544599B23D68C0C00386788 /* AppDelegate.swift */; };
		2544599E23D68C0C00386788 /* SceneDelegate.swift in Sources */ = {isa = PBXBuildFile; fileRef = 2544599D23D68C0C00386788 /* SceneDelegate.swift */; };
		254459A023D68C0C00386788 /* ViewController.swift in Sources */ = {isa = PBXBuildFile; fileRef = 2544599F23D68C0C00386788 /* ViewController.swift */; };
		254459A323D68C0C00386788 /* Main.storyboard in Resources */ = {isa = PBXBuildFile; fileRef = 254459A123D68C0C00386788 /* Main.storyboard */; };
		254459A623D68C0C00386788 /* JournalSwiftUI.xcdatamodeld in Sources */ = {isa = PBXBuildFile; fileRef = 254459A423D68C0C00386788 /* JournalSwiftUI.xcdatamodeld */; };
		254459A823D68C1100386788 /* Assets.xcassets in Resources */ = {isa = PBXBuildFile; fileRef = 254459A723D68C1100386788 /* Assets.xcassets */; };
		254459AB23D68C1100386788 /* LaunchScreen.storyboard in Resources */ = {isa = PBXBuildFile; fileRef = 254459A923D68C1100386788 /* LaunchScreen.storyboard */; };
		254459B823D68DFD00386788 /* Entry.swift in Sources */ = {isa = PBXBuildFile; fileRef = 254459B723D68DFD00386788 /* Entry.swift */; };
		254459BA23D68E1800386788 /* CoreDataStack.swift in Sources */ = {isa = PBXBuildFile; fileRef = 254459B923D68E1800386788 /* CoreDataStack.swift */; };
/* End PBXBuildFile section */

/* Begin PBXFileReference section */
		2544599823D68C0C00386788 /* JournalSwiftUI.app */ = {isa = PBXFileReference; explicitFileType = wrapper.application; includeInIndex = 0; path = JournalSwiftUI.app; sourceTree = BUILT_PRODUCTS_DIR; };
		2544599B23D68C0C00386788 /* AppDelegate.swift */ = {isa = PBXFileReference; lastKnownFileType = sourcecode.swift; path = AppDelegate.swift; sourceTree = "<group>"; };
		2544599D23D68C0C00386788 /* SceneDelegate.swift */ = {isa = PBXFileReference; lastKnownFileType = sourcecode.swift; path = SceneDelegate.swift; sourceTree = "<group>"; };
		2544599F23D68C0C00386788 /* ViewController.swift */ = {isa = PBXFileReference; lastKnownFileType = sourcecode.swift; path = ViewController.swift; sourceTree = "<group>"; };
		254459A223D68C0C00386788 /* Base */ = {isa = PBXFileReference; lastKnownFileType = file.storyboard; name = Base; path = Base.lproj/Main.storyboard; sourceTree = "<group>"; };
		254459A523D68C0C00386788 /* JournalSwiftUI.xcdatamodel */ = {isa = PBXFileReference; lastKnownFileType = wrapper.xcdatamodel; path = JournalSwiftUI.xcdatamodel; sourceTree = "<group>"; };
		254459A723D68C1100386788 /* Assets.xcassets */ = {isa = PBXFileReference; lastKnownFileType = folder.assetcatalog; path = Assets.xcassets; sourceTree = "<group>"; };
		254459AA23D68C1100386788 /* Base */ = {isa = PBXFileReference; lastKnownFileType = file.storyboard; name = Base; path = Base.lproj/LaunchScreen.storyboard; sourceTree = "<group>"; };
		254459AC23D68C1100386788 /* Info.plist */ = {isa = PBXFileReference; lastKnownFileType = text.plist.xml; path = Info.plist; sourceTree = "<group>"; };
		254459B723D68DFD00386788 /* Entry.swift */ = {isa = PBXFileReference; lastKnownFileType = sourcecode.swift; path = Entry.swift; sourceTree = "<group>"; };
		254459B923D68E1800386788 /* CoreDataStack.swift */ = {isa = PBXFileReference; lastKnownFileType = sourcecode.swift; path = CoreDataStack.swift; sourceTree = "<group>"; };
/* End PBXFileReference section */

/* Begin PBXFrameworksBuildPhase section */
		2544599523D68C0C00386788 /* Frameworks */ = {
			isa = PBXFrameworksBuildPhase;
			buildActionMask = 2147483647;
			files = (
			);
			runOnlyForDeploymentPostprocessing = 0;
		};
/* End PBXFrameworksBuildPhase section */

/* Begin PBXGroup section */
		2544598F23D68C0C00386788 = {
			isa = PBXGroup;
			children = (
				2544599A23D68C0C00386788 /* JournalSwiftUI */,
				2544599923D68C0C00386788 /* Products */,
			);
			sourceTree = "<group>";
		};
		2544599923D68C0C00386788 /* Products */ = {
			isa = PBXGroup;
			children = (
				2544599823D68C0C00386788 /* JournalSwiftUI.app */,
			);
			name = Products;
			sourceTree = "<group>";
		};
		2544599A23D68C0C00386788 /* JournalSwiftUI */ = {
			isa = PBXGroup;
			children = (
				254459B323D68D0600386788 /* Models */,
				254459B423D68D0900386788 /* UI */,
				254459B523D68D2E00386788 /* Controllers */,
				254459B223D68D0200386788 /* Views */,
				254459B623D68D3700386788 /* Resources */,
				254459AC23D68C1100386788 /* Info.plist */,
				254459A423D68C0C00386788 /* JournalSwiftUI.xcdatamodeld */,
			);
			path = JournalSwiftUI;
			sourceTree = "<group>";
		};
		254459B223D68D0200386788 /* Views */ = {
			isa = PBXGroup;
			children = (
				2544599F23D68C0C00386788 /* ViewController.swift */,
			);
			path = Views;
			sourceTree = "<group>";
		};
		254459B323D68D0600386788 /* Models */ = {
			isa = PBXGroup;
			children = (
				254459B723D68DFD00386788 /* Entry.swift */,
			);
			path = Models;
			sourceTree = "<group>";
		};
		254459B423D68D0900386788 /* UI */ = {
			isa = PBXGroup;
			children = (
				254459A923D68C1100386788 /* LaunchScreen.storyboard */,
				254459A123D68C0C00386788 /* Main.storyboard */,
			);
			path = UI;
			sourceTree = "<group>";
		};
		254459B523D68D2E00386788 /* Controllers */ = {
			isa = PBXGroup;
			children = (
			);
			path = Controllers;
			sourceTree = "<group>";
		};
		254459B623D68D3700386788 /* Resources */ = {
			isa = PBXGroup;
			children = (
				2544599B23D68C0C00386788 /* AppDelegate.swift */,
				2544599D23D68C0C00386788 /* SceneDelegate.swift */,
				254459A723D68C1100386788 /* Assets.xcassets */,
				254459B923D68E1800386788 /* CoreDataStack.swift */,
			);
			path = Resources;
			sourceTree = "<group>";
		};
/* End PBXGroup section */

/* Begin PBXNativeTarget section */
		2544599723D68C0C00386788 /* JournalSwiftUI */ = {
			isa = PBXNativeTarget;
			buildConfigurationList = 254459AF23D68C1100386788 /* Build configuration list for PBXNativeTarget "JournalSwiftUI" */;
			buildPhases = (
				2544599423D68C0C00386788 /* Sources */,
				2544599523D68C0C00386788 /* Frameworks */,
				2544599623D68C0C00386788 /* Resources */,
			);
			buildRules = (
			);
			dependencies = (
			);
			name = JournalSwiftUI;
			productName = JournalSwiftUI;
			productReference = 2544599823D68C0C00386788 /* JournalSwiftUI.app */;
			productType = "com.apple.product-type.application";
		};
/* End PBXNativeTarget section */

/* Begin PBXProject section */
		2544599023D68C0C00386788 /* Project object */ = {
			isa = PBXProject;
			attributes = {
				LastSwiftUpdateCheck = 1130;
				LastUpgradeCheck = 1130;
				ORGANIZATIONNAME = "Ian Hall";
				TargetAttributes = {
					2544599723D68C0C00386788 = {
						CreatedOnToolsVersion = 11.3;
					};
				};
			};
			buildConfigurationList = 2544599323D68C0C00386788 /* Build configuration list for PBXProject "JournalSwiftUI" */;
			compatibilityVersion = "Xcode 9.3";
			developmentRegion = en;
			hasScannedForEncodings = 0;
			knownRegions = (
				en,
				Base,
			);
			mainGroup = 2544598F23D68C0C00386788;
			productRefGroup = 2544599923D68C0C00386788 /* Products */;
			projectDirPath = "";
			projectRoot = "";
			targets = (
				2544599723D68C0C00386788 /* JournalSwiftUI */,
			);
		};
/* End PBXProject section */

/* Begin PBXResourcesBuildPhase section */
		2544599623D68C0C00386788 /* Resources */ = {
			isa = PBXResourcesBuildPhase;
			buildActionMask = 2147483647;
			files = (
				254459AB23D68C1100386788 /* LaunchScreen.storyboard in Resources */,
				254459A823D68C1100386788 /* Assets.xcassets in Resources */,
				254459A323D68C0C00386788 /* Main.storyboard in Resources */,
			);
			runOnlyForDeploymentPostprocessing = 0;
		};
/* End PBXResourcesBuildPhase section */

/* Begin PBXSourcesBuildPhase section */
		2544599423D68C0C00386788 /* Sources */ = {
			isa = PBXSourcesBuildPhase;
			buildActionMask = 2147483647;
			files = (
				254459B823D68DFD00386788 /* Entry.swift in Sources */,
				254459A023D68C0C00386788 /* ViewController.swift in Sources */,
				254459A623D68C0C00386788 /* JournalSwiftUI.xcdatamodeld in Sources */,
				254459BA23D68E1800386788 /* CoreDataStack.swift in Sources */,
				2544599C23D68C0C00386788 /* AppDelegate.swift in Sources */,
				2544599E23D68C0C00386788 /* SceneDelegate.swift in Sources */,
			);
			runOnlyForDeploymentPostprocessing = 0;
		};
/* End PBXSourcesBuildPhase section */

/* Begin PBXVariantGroup section */
		254459A123D68C0C00386788 /* Main.storyboard */ = {
			isa = PBXVariantGroup;
			children = (
				254459A223D68C0C00386788 /* Base */,
			);
			name = Main.storyboard;
			sourceTree = "<group>";
		};
		254459A923D68C1100386788 /* LaunchScreen.storyboard */ = {
			isa = PBXVariantGroup;
			children = (
				254459AA23D68C1100386788 /* Base */,
			);
			name = LaunchScreen.storyboard;
			sourceTree = "<group>";
		};
/* End PBXVariantGroup section */

/* Begin XCBuildConfiguration section */
		254459AD23D68C1100386788 /* Debug */ = {
			isa = XCBuildConfiguration;
			buildSettings = {
				ALWAYS_SEARCH_USER_PATHS = NO;
				CLANG_ANALYZER_NONNULL = YES;
				CLANG_ANALYZER_NUMBER_OBJECT_CONVERSION = YES_AGGRESSIVE;
				CLANG_CXX_LANGUAGE_STANDARD = "gnu++14";
				CLANG_CXX_LIBRARY = "libc++";
				CLANG_ENABLE_MODULES = YES;
				CLANG_ENABLE_OBJC_ARC = YES;
				CLANG_ENABLE_OBJC_WEAK = YES;
				CLANG_WARN_BLOCK_CAPTURE_AUTORELEASING = YES;
				CLANG_WARN_BOOL_CONVERSION = YES;
				CLANG_WARN_COMMA = YES;
				CLANG_WARN_CONSTANT_CONVERSION = YES;
				CLANG_WARN_DEPRECATED_OBJC_IMPLEMENTATIONS = YES;
				CLANG_WARN_DIRECT_OBJC_ISA_USAGE = YES_ERROR;
				CLANG_WARN_DOCUMENTATION_COMMENTS = YES;
				CLANG_WARN_EMPTY_BODY = YES;
				CLANG_WARN_ENUM_CONVERSION = YES;
				CLANG_WARN_INFINITE_RECURSION = YES;
				CLANG_WARN_INT_CONVERSION = YES;
				CLANG_WARN_NON_LITERAL_NULL_CONVERSION = YES;
				CLANG_WARN_OBJC_IMPLICIT_RETAIN_SELF = YES;
				CLANG_WARN_OBJC_LITERAL_CONVERSION = YES;
				CLANG_WARN_OBJC_ROOT_CLASS = YES_ERROR;
				CLANG_WARN_RANGE_LOOP_ANALYSIS = YES;
				CLANG_WARN_STRICT_PROTOTYPES = YES;
				CLANG_WARN_SUSPICIOUS_MOVE = YES;
				CLANG_WARN_UNGUARDED_AVAILABILITY = YES_AGGRESSIVE;
				CLANG_WARN_UNREACHABLE_CODE = YES;
				CLANG_WARN__DUPLICATE_METHOD_MATCH = YES;
				COPY_PHASE_STRIP = NO;
				DEBUG_INFORMATION_FORMAT = dwarf;
				ENABLE_STRICT_OBJC_MSGSEND = YES;
				ENABLE_TESTABILITY = YES;
				GCC_C_LANGUAGE_STANDARD = gnu11;
				GCC_DYNAMIC_NO_PIC = NO;
				GCC_NO_COMMON_BLOCKS = YES;
				GCC_OPTIMIZATION_LEVEL = 0;
				GCC_PREPROCESSOR_DEFINITIONS = (
					"DEBUG=1",
					"$(inherited)",
				);
				GCC_WARN_64_TO_32_BIT_CONVERSION = YES;
				GCC_WARN_ABOUT_RETURN_TYPE = YES_ERROR;
				GCC_WARN_UNDECLARED_SELECTOR = YES;
				GCC_WARN_UNINITIALIZED_AUTOS = YES_AGGRESSIVE;
				GCC_WARN_UNUSED_FUNCTION = YES;
				GCC_WARN_UNUSED_VARIABLE = YES;
				IPHONEOS_DEPLOYMENT_TARGET = 13.2;
				MTL_ENABLE_DEBUG_INFO = INCLUDE_SOURCE;
				MTL_FAST_MATH = YES;
				ONLY_ACTIVE_ARCH = YES;
				SDKROOT = iphoneos;
				SWIFT_ACTIVE_COMPILATION_CONDITIONS = DEBUG;
				SWIFT_OPTIMIZATION_LEVEL = "-Onone";
			};
			name = Debug;
		};
		254459AE23D68C1100386788 /* Release */ = {
			isa = XCBuildConfiguration;
			buildSettings = {
				ALWAYS_SEARCH_USER_PATHS = NO;
				CLANG_ANALYZER_NONNULL = YES;
				CLANG_ANALYZER_NUMBER_OBJECT_CONVERSION = YES_AGGRESSIVE;
				CLANG_CXX_LANGUAGE_STANDARD = "gnu++14";
				CLANG_CXX_LIBRARY = "libc++";
				CLANG_ENABLE_MODULES = YES;
				CLANG_ENABLE_OBJC_ARC = YES;
				CLANG_ENABLE_OBJC_WEAK = YES;
				CLANG_WARN_BLOCK_CAPTURE_AUTORELEASING = YES;
				CLANG_WARN_BOOL_CONVERSION = YES;
				CLANG_WARN_COMMA = YES;
				CLANG_WARN_CONSTANT_CONVERSION = YES;
				CLANG_WARN_DEPRECATED_OBJC_IMPLEMENTATIONS = YES;
				CLANG_WARN_DIRECT_OBJC_ISA_USAGE = YES_ERROR;
				CLANG_WARN_DOCUMENTATION_COMMENTS = YES;
				CLANG_WARN_EMPTY_BODY = YES;
				CLANG_WARN_ENUM_CONVERSION = YES;
				CLANG_WARN_INFINITE_RECURSION = YES;
				CLANG_WARN_INT_CONVERSION = YES;
				CLANG_WARN_NON_LITERAL_NULL_CONVERSION = YES;
				CLANG_WARN_OBJC_IMPLICIT_RETAIN_SELF = YES;
				CLANG_WARN_OBJC_LITERAL_CONVERSION = YES;
				CLANG_WARN_OBJC_ROOT_CLASS = YES_ERROR;
				CLANG_WARN_RANGE_LOOP_ANALYSIS = YES;
				CLANG_WARN_STRICT_PROTOTYPES = YES;
				CLANG_WARN_SUSPICIOUS_MOVE = YES;
				CLANG_WARN_UNGUARDED_AVAILABILITY = YES_AGGRESSIVE;
				CLANG_WARN_UNREACHABLE_CODE = YES;
				CLANG_WARN__DUPLICATE_METHOD_MATCH = YES;
				COPY_PHASE_STRIP = NO;
				DEBUG_INFORMATION_FORMAT = "dwarf-with-dsym";
				ENABLE_NS_ASSERTIONS = NO;
				ENABLE_STRICT_OBJC_MSGSEND = YES;
				GCC_C_LANGUAGE_STANDARD = gnu11;
				GCC_NO_COMMON_BLOCKS = YES;
				GCC_WARN_64_TO_32_BIT_CONVERSION = YES;
				GCC_WARN_ABOUT_RETURN_TYPE = YES_ERROR;
				GCC_WARN_UNDECLARED_SELECTOR = YES;
				GCC_WARN_UNINITIALIZED_AUTOS = YES_AGGRESSIVE;
				GCC_WARN_UNUSED_FUNCTION = YES;
				GCC_WARN_UNUSED_VARIABLE = YES;
				IPHONEOS_DEPLOYMENT_TARGET = 13.2;
				MTL_ENABLE_DEBUG_INFO = NO;
				MTL_FAST_MATH = YES;
				SDKROOT = iphoneos;
				SWIFT_COMPILATION_MODE = wholemodule;
				SWIFT_OPTIMIZATION_LEVEL = "-O";
				VALIDATE_PRODUCT = YES;
			};
			name = Release;
		};
		254459B023D68C1100386788 /* Debug */ = {
			isa = XCBuildConfiguration;
			buildSettings = {
				ASSETCATALOG_COMPILER_APPICON_NAME = AppIcon;
				CODE_SIGN_STYLE = Automatic;
				DEVELOPMENT_TEAM = 38AN8KZ7HW;
				INFOPLIST_FILE = JournalSwiftUI/Info.plist;
				LD_RUNPATH_SEARCH_PATHS = (
					"$(inherited)",
					"@executable_path/Frameworks",
				);
				PRODUCT_BUNDLE_IDENTIFIER = com.IanH411.JournalSwiftUI;
				PRODUCT_NAME = "$(TARGET_NAME)";
				SWIFT_VERSION = 5.0;
				TARGETED_DEVICE_FAMILY = "1,2";
			};
			name = Debug;
		};
		254459B123D68C1100386788 /* Release */ = {
			isa = XCBuildConfiguration;
			buildSettings = {
				ASSETCATALOG_COMPILER_APPICON_NAME = AppIcon;
				CODE_SIGN_STYLE = Automatic;
				DEVELOPMENT_TEAM = 38AN8KZ7HW;
				INFOPLIST_FILE = JournalSwiftUI/Info.plist;
				LD_RUNPATH_SEARCH_PATHS = (
					"$(inherited)",
					"@executable_path/Frameworks",
				);
				PRODUCT_BUNDLE_IDENTIFIER = com.IanH411.JournalSwiftUI;
				PRODUCT_NAME = "$(TARGET_NAME)";
				SWIFT_VERSION = 5.0;
				TARGETED_DEVICE_FAMILY = "1,2";
			};
			name = Release;
		};
/* End XCBuildConfiguration section */

/* Begin XCConfigurationList section */
		2544599323D68C0C00386788 /* Build configuration list for PBXProject "JournalSwiftUI" */ = {
			isa = XCConfigurationList;
			buildConfigurations = (
				254459AD23D68C1100386788 /* Debug */,
				254459AE23D68C1100386788 /* Release */,
			);
			defaultConfigurationIsVisible = 0;
			defaultConfigurationName = Release;
		};
		254459AF23D68C1100386788 /* Build configuration list for PBXNativeTarget "JournalSwiftUI" */ = {
			isa = XCConfigurationList;
			buildConfigurations = (
				254459B023D68C1100386788 /* Debug */,
				254459B123D68C1100386788 /* Release */,
			);
			defaultConfigurationIsVisible = 0;
			defaultConfigurationName = Release;
		};
/* End XCConfigurationList section */

/* Begin XCVersionGroup section */
		254459A423D68C0C00386788 /* JournalSwiftUI.xcdatamodeld */ = {
			isa = XCVersionGroup;
			children = (
				254459A523D68C0C00386788 /* JournalSwiftUI.xcdatamodel */,
			);
			currentVersion = 254459A523D68C0C00386788 /* JournalSwiftUI.xcdatamodel */;
			path = JournalSwiftUI.xcdatamodeld;
			sourceTree = "<group>";
			versionGroupType = wrapper.xcdatamodel;
		};
/* End XCVersionGroup section */
	};
	rootObject = 2544599023D68C0C00386788 /* Project object */;
}
